
Microsoft Visual Studio Solution File, Format Version 12.00
# Visual Studio 15
VisualStudioVersion = 15.0.28307.271
MinimumVisualStudioVersion = 10.0.40219.1
Project("{F184B08F-C81C-45F6-A57F-5ABD9991F28F}") = "irongym", "irongym\irongym.vbproj", "{B318F9F3-FBAC-4703-A1CA-C2DE1B38CB56}"
EndProject
Global
	GlobalSection(SolutionConfigurationPlatforms) = preSolution
		Debug|Any CPU = Debug|Any CPU
		Release|Any CPU = Release|Any CPU
	EndGlobalSection
	GlobalSection(ProjectConfigurationPlatforms) = postSolution
		{B318F9F3-FBAC-4703-A1CA-C2DE1B38CB56}.Debug|Any CPU.ActiveCfg = Debug|Any CPU
		{B318F9F3-FBAC-4703-A1CA-C2DE1B38CB56}.Debug|Any CPU.Build.0 = Debug|Any CPU
		{B318F9F3-FBAC-4703-A1CA-C2DE1B38CB56}.Release|Any CPU.ActiveCfg = Release|Any CPU
		{B318F9F3-FBAC-4703-A1CA-C2DE1B38CB56}.Release|Any CPU.Build.0 = Release|Any CPU
	EndGlobalSection
	GlobalSection(SolutionProperties) = preSolution
		HideSolutionNode = FALSE
	EndGlobalSection
	GlobalSection(ExtensibilityGlobals) = postSolution
		SolutionGuid = {8F553895-054F-4498-B16F-29EAAD404CD8}
	EndGlobalSection
EndGlobal
